
Microsoft Visual Studio Solution File, Format Version 12.00
# Visual Studio Version 17
VisualStudioVersion = 17.0.32112.339
MinimumVisualStudioVersion = 10.0.40219.1
Project("{FAE04EC0-301F-11D3-BF4B-00C04F79EFBC}") = "ExamenGranjaPorcina", "ExamenGranjaPorcina\ExamenGranjaPorcina.csproj", "{5BB8FB9B-6B0A-4494-BF2D-98636EB1DFEC}"
EndProject
Global
	GlobalSection(SolutionConfigurationPlatforms) = preSolution
		Debug|Any CPU = Debug|Any CPU
		Release|Any CPU = Release|Any CPU
	EndGlobalSection
	GlobalSection(ProjectConfigurationPlatforms) = postSolution
		{5BB8FB9B-6B0A-4494-BF2D-98636EB1DFEC}.Debug|Any CPU.ActiveCfg = Debug|Any CPU
		{5BB8FB9B-6B0A-4494-BF2D-98636EB1DFEC}.Debug|Any CPU.Build.0 = Debug|Any CPU
		{5BB8FB9B-6B0A-4494-BF2D-98636EB1DFEC}.Release|Any CPU.ActiveCfg = Release|Any CPU
		{5BB8FB9B-6B0A-4494-BF2D-98636EB1DFEC}.Release|Any CPU.Build.0 = Release|Any CPU
	EndGlobalSection
	GlobalSection(SolutionProperties) = preSolution
		HideSolutionNode = FALSE
	EndGlobalSection
	GlobalSection(ExtensibilityGlobals) = postSolution
		SolutionGuid = {3BFF7906-4B92-4429-8A57-6D408F08C19C}
	EndGlobalSection
EndGlobal
